
Microsoft Visual Studio Solution File, Format Version 12.00
# Visual Studio 15
VisualStudioVersion = 15.0.28307.329
MinimumVisualStudioVersion = 10.0.40219.1
Project("{FAE04EC0-301F-11D3-BF4B-00C04F79EFBC}") = "Lab2", "Lab2\Lab2.csproj", "{11598D4D-140E-438C-9AE1-F3F28B720646}"
EndProject
Global
	GlobalSection(SolutionConfigurationPlatforms) = preSolution
		Debug|Any CPU = Debug|Any CPU
		Release|Any CPU = Release|Any CPU
	EndGlobalSection
	GlobalSection(ProjectConfigurationPlatforms) = postSolution
		{11598D4D-140E-438C-9AE1-F3F28B720646}.Debug|Any CPU.ActiveCfg = Debug|Any CPU
		{11598D4D-140E-438C-9AE1-F3F28B720646}.Debug|Any CPU.Build.0 = Debug|Any CPU
		{11598D4D-140E-438C-9AE1-F3F28B720646}.Release|Any CPU.ActiveCfg = Release|Any CPU
		{11598D4D-140E-438C-9AE1-F3F28B720646}.Release|Any CPU.Build.0 = Release|Any CPU
	EndGlobalSection
	GlobalSection(SolutionProperties) = preSolution
		HideSolutionNode = FALSE
	EndGlobalSection
	GlobalSection(ExtensibilityGlobals) = postSolution
		SolutionGuid = {ED0FBD24-3C2B-4146-8202-A6E8B7833766}
	EndGlobalSection
EndGlobal
